
Microsoft Visual Studio Solution File, Format Version 12.00
# Visual Studio Version 16
VisualStudioVersion = 16.0.29709.97
MinimumVisualStudioVersion = 10.0.40219.1
Project("{FAE04EC0-301F-11D3-BF4B-00C04F79EFBC}") = "Sputify", "Sputify\Sputify.csproj", "{7757D8C5-8002-45C4-B62F-6DA248A806D4}"
EndProject
Global
	GlobalSection(SolutionConfigurationPlatforms) = preSolution
		Debug|Any CPU = Debug|Any CPU
		Release|Any CPU = Release|Any CPU
	EndGlobalSection
	GlobalSection(ProjectConfigurationPlatforms) = postSolution
		{7757D8C5-8002-45C4-B62F-6DA248A806D4}.Debug|Any CPU.ActiveCfg = Debug|Any CPU
		{7757D8C5-8002-45C4-B62F-6DA248A806D4}.Debug|Any CPU.Build.0 = Debug|Any CPU
		{7757D8C5-8002-45C4-B62F-6DA248A806D4}.Release|Any CPU.ActiveCfg = Release|Any CPU
		{7757D8C5-8002-45C4-B62F-6DA248A806D4}.Release|Any CPU.Build.0 = Release|Any CPU
	EndGlobalSection
	GlobalSection(SolutionProperties) = preSolution
		HideSolutionNode = FALSE
	EndGlobalSection
	GlobalSection(ExtensibilityGlobals) = postSolution
		SolutionGuid = {5F473EA5-F4EA-45D7-ADC8-D4F05F12E923}
	EndGlobalSection
EndGlobal
